# This file is automatically @generated by Poetry and should not be changed by hand.

[[package]]
name = "joblib"
version = "1.3.1"
description = "Lightweight pipelining with Python functions"
category = "main"
optional = false
python-versions = ">=3.7"
files = [
    {file = "joblib-1.3.1-py3-none-any.whl", hash = "sha256:89cf0529520e01b3de7ac7b74a8102c90d16d54c64b5dd98cafcd14307fdf915"},
    {file = "joblib-1.3.1.tar.gz", hash = "sha256:1f937906df65329ba98013dc9692fe22a4c5e4a648112de500508b18a21b41e3"},
]

[[package]]
name = "numpy"
version = "1.25.0"
description = "Fundamental package for array computing in Python"
category = "main"
optional = false
python-versions = ">=3.9"
files = [
    {file = "numpy-1.25.0-cp310-cp310-macosx_10_9_x86_64.whl", hash = "sha256:8aa130c3042052d656751df5e81f6d61edff3e289b5994edcf77f54118a8d9f4"},
    {file = "numpy-1.25.0-cp310-cp310-macosx_11_0_arm64.whl", hash = "sha256:9e3f2b96e3b63c978bc29daaa3700c028fe3f049ea3031b58aa33fe2a5809d24"},
    {file = "numpy-1.25.0-cp310-cp310-manylinux_2_17_aarch64.manylinux2014_aarch64.whl", hash = "sha256:d6b267f349a99d3908b56645eebf340cb58f01bd1e773b4eea1a905b3f0e4208"},
    {file = "numpy-1.25.0-cp310-cp310-manylinux_2_17_x86_64.manylinux2014_x86_64.whl", hash = "sha256:4aedd08f15d3045a4e9c648f1e04daca2ab1044256959f1f95aafeeb3d794c16"},
    {file = "numpy-1.25.0-cp310-cp310-musllinux_1_1_x86_64.whl", hash = "sha256:6d183b5c58513f74225c376643234c369468e02947b47942eacbb23c1671f25d"},
    {file = "numpy-1.25.0-cp310-cp310-win32.whl", hash = "sha256:d76a84998c51b8b68b40448ddd02bd1081bb33abcdc28beee6cd284fe11036c6"},
    {file = "numpy-1.25.0-cp310-cp310-win_amd64.whl", hash = "sha256:c0dc071017bc00abb7d7201bac06fa80333c6314477b3d10b52b58fa6a6e38f6"},
    {file = "numpy-1.25.0-cp311-cp311-macosx_10_9_x86_64.whl", hash = "sha256:4c69fe5f05eea336b7a740e114dec995e2f927003c30702d896892403df6dbf0"},
    {file = "numpy-1.25.0-cp311-cp311-macosx_11_0_arm64.whl", hash = "sha256:9c7211d7920b97aeca7b3773a6783492b5b93baba39e7c36054f6e749fc7490c"},
    {file = "numpy-1.25.0-cp311-cp311-manylinux_2_17_aarch64.manylinux2014_aarch64.whl", hash = "sha256:ecc68f11404930e9c7ecfc937aa423e1e50158317bf67ca91736a9864eae0232"},
    {file = "numpy-1.25.0-cp311-cp311-manylinux_2_17_x86_64.manylinux2014_x86_64.whl", hash = "sha256:e559c6afbca484072a98a51b6fa466aae785cfe89b69e8b856c3191bc8872a82"},
    {file = "numpy-1.25.0-cp311-cp311-musllinux_1_1_x86_64.whl", hash = "sha256:6c284907e37f5e04d2412950960894b143a648dea3f79290757eb878b91acbd1"},
    {file = "numpy-1.25.0-cp311-cp311-win32.whl", hash = "sha256:95367ccd88c07af21b379be1725b5322362bb83679d36691f124a16357390153"},
    {file = "numpy-1.25.0-cp311-cp311-win_amd64.whl", hash = "sha256:b76aa836a952059d70a2788a2d98cb2a533ccd46222558b6970348939e55fc24"},
    {file = "numpy-1.25.0-cp39-cp39-macosx_10_9_x86_64.whl", hash = "sha256:b792164e539d99d93e4e5e09ae10f8cbe5466de7d759fc155e075237e0c274e4"},
    {file = "numpy-1.25.0-cp39-cp39-macosx_11_0_arm64.whl", hash = "sha256:7cd981ccc0afe49b9883f14761bb57c964df71124dcd155b0cba2b591f0d64b9"},
    {file = "numpy-1.25.0-cp39-cp39-manylinux_2_17_aarch64.manylinux2014_aarch64.whl", hash = "sha256:5aa48bebfb41f93043a796128854b84407d4df730d3fb6e5dc36402f5cd594c0"},
    {file = "numpy-1.25.0-cp39-cp39-manylinux_2_17_x86_64.manylinux2014_x86_64.whl", hash = "sha256:5177310ac2e63d6603f659fadc1e7bab33dd5a8db4e0596df34214eeab0fee3b"},
    {file = "numpy-1.25.0-cp39-cp39-musllinux_1_1_x86_64.whl", hash = "sha256:0ac6edfb35d2a99aaf102b509c8e9319c499ebd4978df4971b94419a116d0790"},
    {file = "numpy-1.25.0-cp39-cp39-win32.whl", hash = "sha256:7412125b4f18aeddca2ecd7219ea2d2708f697943e6f624be41aa5f8a9852cc4"},
    {file = "numpy-1.25.0-cp39-cp39-win_amd64.whl", hash = "sha256:26815c6c8498dc49d81faa76d61078c4f9f0859ce7817919021b9eba72b425e3"},
    {file = "numpy-1.25.0-pp39-pypy39_pp73-macosx_10_9_x86_64.whl", hash = "sha256:5b1b90860bf7d8a8c313b372d4f27343a54f415b20fb69dd601b7efe1029c91e"},
    {file = "numpy-1.25.0-pp39-pypy39_pp73-manylinux_2_17_x86_64.manylinux2014_x86_64.whl", hash = "sha256:85cdae87d8c136fd4da4dad1e48064d700f63e923d5af6c8c782ac0df8044542"},
    {file = "numpy-1.25.0-pp39-pypy39_pp73-win_amd64.whl", hash = "sha256:cc3fda2b36482891db1060f00f881c77f9423eead4c3579629940a3e12095fe8"},
    {file = "numpy-1.25.0.tar.gz", hash = "sha256:f1accae9a28dc3cda46a91de86acf69de0d1b5f4edd44a9b0c3ceb8036dfff19"},
]

[[package]]
name = "opencv-python"
version = "4.8.0.74"
description = "Wrapper package for OpenCV python bindings."
category = "main"
optional = false
python-versions = ">=3.6"
files = [
    {file = "opencv-python-4.8.0.74.tar.gz", hash = "sha256:009e3ce356a0cd2d7423723e00a32fd3d3cc5bb5970ed27a9a1f8a8f221d1db5"},
    {file = "opencv_python-4.8.0.74-cp37-abi3-macosx_10_16_x86_64.whl", hash = "sha256:31d0d59fc8fdf703de4cec46c79b9f8d026fdde9d23d6e2e6a66809feeebbda9"},
    {file = "opencv_python-4.8.0.74-cp37-abi3-macosx_11_0_arm64.whl", hash = "sha256:66eadb5882ee56848b67f9fb57aadcaca2f4c9d9d00a0ef11043041925b51291"},
    {file = "opencv_python-4.8.0.74-cp37-abi3-manylinux_2_17_aarch64.manylinux2014_aarch64.whl", hash = "sha256:038ba7075e55cb8e2846663ae970f0fb776a45b48ee69a887bf4ee15e2570083"},
    {file = "opencv_python-4.8.0.74-cp37-abi3-manylinux_2_17_x86_64.manylinux2014_x86_64.whl", hash = "sha256:43dd0dfe331fb95767af581bf3b2781d7a72cf6560ddf2f55949fe547f3e5c9f"},
    {file = "opencv_python-4.8.0.74-cp37-abi3-win32.whl", hash = "sha256:458e5dc377f15fcf769d80314f3d885bd95457b1a2891bee67df2eb24a1d3a52"},
    {file = "opencv_python-4.8.0.74-cp37-abi3-win_amd64.whl", hash = "sha256:8fe0018d0056a5187c57120b6b3f6c3e706c13b45c48e54e86d245a9a16fac84"},
]

[package.dependencies]
numpy = [
    {version = ">=1.21.2", markers = "python_version >= \"3.10\""},
    {version = ">=1.21.4", markers = "python_version >= \"3.10\" and platform_system == \"Darwin\""},
    {version = ">=1.23.5", markers = "python_version >= \"3.11\""},
    {version = ">=1.19.3", markers = "python_version >= \"3.6\" and platform_system == \"Linux\" and platform_machine == \"aarch64\" or python_version >= \"3.9\""},
    {version = ">=1.17.0", markers = "python_version >= \"3.7\""},
    {version = ">=1.17.3", markers = "python_version >= \"3.8\""},
]

[[package]]
name = "pillow"
version = "10.0.0"
description = "Python Imaging Library (Fork)"
category = "main"
optional = false
python-versions = ">=3.8"
files = [
    {file = "Pillow-10.0.0-cp310-cp310-macosx_10_10_x86_64.whl", hash = "sha256:1f62406a884ae75fb2f818694469519fb685cc7eaff05d3451a9ebe55c646891"},
    {file = "Pillow-10.0.0-cp310-cp310-macosx_11_0_arm64.whl", hash = "sha256:d5db32e2a6ccbb3d34d87c87b432959e0db29755727afb37290e10f6e8e62614"},
    {file = "Pillow-10.0.0-cp310-cp310-manylinux_2_17_aarch64.manylinux2014_aarch64.whl", hash = "sha256:edf4392b77bdc81f36e92d3a07a5cd072f90253197f4a52a55a8cec48a12483b"},
    {file = "Pillow-10.0.0-cp310-cp310-manylinux_2_17_x86_64.manylinux2014_x86_64.whl", hash = "sha256:520f2a520dc040512699f20fa1c363eed506e94248d71f85412b625026f6142c"},
    {file = "Pillow-10.0.0-cp310-cp310-manylinux_2_28_aarch64.whl", hash = "sha256:8c11160913e3dd06c8ffdb5f233a4f254cb449f4dfc0f8f4549eda9e542c93d1"},
    {file = "Pillow-10.0.0-cp310-cp310-manylinux_2_28_x86_64.whl", hash = "sha256:a74ba0c356aaa3bb8e3eb79606a87669e7ec6444be352870623025d75a14a2bf"},
    {file = "Pillow-10.0.0-cp310-cp310-musllinux_1_1_aarch64.whl", hash = "sha256:d5d0dae4cfd56969d23d94dc8e89fb6a217be461c69090768227beb8ed28c0a3"},
    {file = "Pillow-10.0.0-cp310-cp310-musllinux_1_1_x86_64.whl", hash = "sha256:22c10cc517668d44b211717fd9775799ccec4124b9a7f7b3635fc5386e584992"},
    {file = "Pillow-10.0.0-cp310-cp310-win_amd64.whl", hash = "sha256:dffe31a7f47b603318c609f378ebcd57f1554a3a6a8effbc59c3c69f804296de"},
    {file = "Pillow-10.0.0-cp311-cp311-macosx_10_10_x86_64.whl", hash = "sha256:9fb218c8a12e51d7ead2a7c9e101a04982237d4855716af2e9499306728fb485"},
    {file = "Pillow-10.0.0-cp311-cp311-macosx_11_0_arm64.whl", hash = "sha256:d35e3c8d9b1268cbf5d3670285feb3528f6680420eafe35cccc686b73c1e330f"},
    {file = "Pillow-10.0.0-cp311-cp311-manylinux_2_17_aarch64.manylinux2014_aarch64.whl", hash = "sha256:3ed64f9ca2f0a95411e88a4efbd7a29e5ce2cea36072c53dd9d26d9c76f753b3"},
    {file = "Pillow-10.0.0-cp311-cp311-manylinux_2_17_x86_64.manylinux2014_x86_64.whl", hash = "sha256:0b6eb5502f45a60a3f411c63187db83a3d3107887ad0d036c13ce836f8a36f1d"},
    {file = "Pillow-10.0.0-cp311-cp311-manylinux_2_28_aarch64.whl", hash = "sha256:c1fbe7621c167ecaa38ad29643d77a9ce7311583761abf7836e1510c580bf3dd"},
    {file = "Pillow-10.0.0-cp311-cp311-manylinux_2_28_x86_64.whl", hash = "sha256:cd25d2a9d2b36fcb318882481367956d2cf91329f6892fe5d385c346c0649629"},
    {file = "Pillow-10.0.0-cp311-cp311-musllinux_1_1_aarch64.whl", hash = "sha256:3b08d4cc24f471b2c8ca24ec060abf4bebc6b144cb89cba638c720546b1cf538"},
    {file = "Pillow-10.0.0-cp311-cp311-musllinux_1_1_x86_64.whl", hash = "sha256:d737a602fbd82afd892ca746392401b634e278cb65d55c4b7a8f48e9ef8d008d"},
    {file = "Pillow-10.0.0-cp311-cp311-win_amd64.whl", hash = "sha256:3a82c40d706d9aa9734289740ce26460a11aeec2d9c79b7af87bb35f0073c12f"},
    {file = "Pillow-10.0.0-cp312-cp312-macosx_10_10_x86_64.whl", hash = "sha256:d80cf684b541685fccdd84c485b31ce73fc5c9b5d7523bf1394ce134a60c6883"},
    {file = "Pillow-10.0.0-cp312-cp312-macosx_11_0_arm64.whl", hash = "sha256:76de421f9c326da8f43d690110f0e79fe3ad1e54be811545d7d91898b4c8493e"},
    {file = "Pillow-10.0.0-cp312-cp312-manylinux_2_17_aarch64.manylinux2014_aarch64.whl", hash = "sha256:81ff539a12457809666fef6624684c008e00ff6bf455b4b89fd00a140eecd640"},
    {file = "Pillow-10.0.0-cp312-cp312-manylinux_2_17_x86_64.manylinux2014_x86_64.whl", hash = "sha256:ce543ed15570eedbb85df19b0a1a7314a9c8141a36ce089c0a894adbfccb4568"},
    {file = "Pillow-10.0.0-cp312-cp312-manylinux_2_28_aarch64.whl", hash = "sha256:685ac03cc4ed5ebc15ad5c23bc555d68a87777586d970c2c3e216619a5476223"},
    {file = "Pillow-10.0.0-cp312-cp312-manylinux_2_28_x86_64.whl", hash = "sha256:d72e2ecc68a942e8cf9739619b7f408cc7b272b279b56b2c83c6123fcfa5cdff"},
    {file = "Pillow-10.0.0-cp312-cp312-musllinux_1_1_aarch64.whl", hash = "sha256:d50b6aec14bc737742ca96e85d6d0a5f9bfbded018264b3b70ff9d8c33485551"},
    {file = "Pillow-10.0.0-cp312-cp312-musllinux_1_1_x86_64.whl", hash = "sha256:00e65f5e822decd501e374b0650146063fbb30a7264b4d2744bdd7b913e0cab5"},
    {file = "Pillow-10.0.0-cp312-cp312-win_amd64.whl", hash = "sha256:f31f9fdbfecb042d046f9d91270a0ba28368a723302786c0009ee9b9f1f60199"},
    {file = "Pillow-10.0.0-cp38-cp38-macosx_10_10_x86_64.whl", hash = "sha256:349930d6e9c685c089284b013478d6f76e3a534e36ddfa912cde493f235372f3"},
    {file = "Pillow-10.0.0-cp38-cp38-macosx_11_0_arm64.whl", hash = "sha256:3a684105f7c32488f7153905a4e3015a3b6c7182e106fe3c37fbb5ef3e6994c3"},
    {file = "Pillow-10.0.0-cp38-cp38-manylinux_2_17_aarch64.manylinux2014_aarch64.whl", hash = "sha256:b4f69b3700201b80bb82c3a97d5e9254084f6dd5fb5b16fc1a7b974260f89f43"},
    {file = "Pillow-10.0.0-cp38-cp38-manylinux_2_17_x86_64.manylinux2014_x86_64.whl", hash = "sha256:3f07ea8d2f827d7d2a49ecf1639ec02d75ffd1b88dcc5b3a61bbb37a8759ad8d"},
    {file = "Pillow-10.0.0-cp38-cp38-manylinux_2_28_aarch64.whl", hash = "sha256:040586f7d37b34547153fa383f7f9aed68b738992380ac911447bb78f2abe530"},
    {file = "Pillow-10.0.0-cp38-cp38-manylinux_2_28_x86_64.whl", hash = "sha256:f88a0b92277de8e3ca715a0d79d68dc82807457dae3ab8699c758f07c20b3c51"},
    {file = "Pillow-10.0.0-cp38-cp38-musllinux_1_1_aarch64.whl", hash = "sha256:c7cf14a27b0d6adfaebb3ae4153f1e516df54e47e42dcc073d7b3d76111a8d86"},
    {file = "Pillow-10.0.0-cp38-cp38-musllinux_1_1_x86_64.whl", hash = "sha256:3400aae60685b06bb96f99a21e1ada7bc7a413d5f49bce739828ecd9391bb8f7"},
    {file = "Pillow-10.0.0-cp38-cp38-win_amd64.whl", hash = "sha256:dbc02381779d412145331789b40cc7b11fdf449e5d94f6bc0b080db0a56ea3f0"},
    {file = "Pillow-10.0.0-cp39-cp39-macosx_10_10_x86_64.whl", hash = "sha256:9211e7ad69d7c9401cfc0e23d49b69ca65ddd898976d660a2fa5904e3d7a9baa"},
    {file = "Pillow-10.0.0-cp39-cp39-macosx_11_0_arm64.whl", hash = "sha256:faaf07ea35355b01a35cb442dd950d8f1bb5b040a7787791a535de13db15ed90"},
    {file = "Pillow-10.0.0-cp39-cp39-manylinux_2_17_aarch64.manylinux2014_aarch64.whl", hash = "sha256:c9f72a021fbb792ce98306ffb0c348b3c9cb967dce0f12a49aa4c3d3fdefa967"},
    {file = "Pillow-10.0.0-cp39-cp39-manylinux_2_17_x86_64.manylinux2014_x86_64.whl", hash = "sha256:9f7c16705f44e0504a3a2a14197c1f0b32a95731d251777dcb060aa83022cb2d"},
    {file = "Pillow-10.0.0-cp39-cp39-manylinux_2_28_aarch64.whl", hash = "sha256:76edb0a1fa2b4745fb0c99fb9fb98f8b180a1bbceb8be49b087e0b21867e77d3"},
    {file = "Pillow-10.0.0-cp39-cp39-manylinux_2_28_x86_64.whl", hash = "sha256:368ab3dfb5f49e312231b6f27b8820c823652b7cd29cfbd34090565a015e99ba"},
    {file = "Pillow-10.0.0-cp39-cp39-musllinux_1_1_aarch64.whl", hash = "sha256:608bfdee0d57cf297d32bcbb3c728dc1da0907519d1784962c5f0c68bb93e5a3"},
    {file = "Pillow-10.0.0-cp39-cp39-musllinux_1_1_x86_64.whl", hash = "sha256:5c6e3df6bdd396749bafd45314871b3d0af81ff935b2d188385e970052091017"},
    {file = "Pillow-10.0.0-cp39-cp39-win_amd64.whl", hash = "sha256:7be600823e4c8631b74e4a0d38384c73f680e6105a7d3c6824fcf226c178c7e6"},
    {file = "Pillow-10.0.0-pp310-pypy310_pp73-macosx_10_10_x86_64.whl", hash = "sha256:92be919bbc9f7d09f7ae343c38f5bb21c973d2576c1d45600fce4b74bafa7ac0"},
    {file = "Pillow-10.0.0-pp310-pypy310_pp73-manylinux_2_17_x86_64.manylinux2014_x86_64.whl", hash = "sha256:8f8182b523b2289f7c415f589118228d30ac8c355baa2f3194ced084dac2dbba"},
    {file = "Pillow-10.0.0-pp310-pypy310_pp73-manylinux_2_28_x86_64.whl", hash = "sha256:38250a349b6b390ee6047a62c086d3817ac69022c127f8a5dc058c31ccef17f3"},
    {file = "Pillow-10.0.0-pp310-pypy310_pp73-win_amd64.whl", hash = "sha256:88af2003543cc40c80f6fca01411892ec52b11021b3dc22ec3bc9d5afd1c5334"},
    {file = "Pillow-10.0.0-pp39-pypy39_pp73-macosx_10_10_x86_64.whl", hash = "sha256:c189af0545965fa8d3b9613cfdb0cd37f9d71349e0f7750e1fd704648d475ed2"},
    {file = "Pillow-10.0.0-pp39-pypy39_pp73-manylinux_2_17_x86_64.manylinux2014_x86_64.whl", hash = "sha256:ce7b031a6fc11365970e6a5686d7ba8c63e4c1cf1ea143811acbb524295eabed"},
    {file = "Pillow-10.0.0-pp39-pypy39_pp73-manylinux_2_28_x86_64.whl", hash = "sha256:db24668940f82321e746773a4bc617bfac06ec831e5c88b643f91f122a785684"},
    {file = "Pillow-10.0.0-pp39-pypy39_pp73-win_amd64.whl", hash = "sha256:efe8c0681042536e0d06c11f48cebe759707c9e9abf880ee213541c5b46c5bf3"},
    {file = "Pillow-10.0.0.tar.gz", hash = "sha256:9c82b5b3e043c7af0d95792d0d20ccf68f61a1fec6b3530e718b688422727396"},
]

[package.extras]
docs = ["furo", "olefile", "sphinx (>=2.4)", "sphinx-copybutton", "sphinx-inline-tabs", "sphinx-removed-in", "sphinxext-opengraph"]
tests = ["check-manifest", "coverage", "defusedxml", "markdown2", "olefile", "packaging", "pyroma", "pytest", "pytest-cov", "pytest-timeout"]

[[package]]
name = "psutil"
version = "5.9.5"
description = "Cross-platform lib for process and system monitoring in Python."
category = "main"
optional = false
python-versions = ">=2.7, !=3.0.*, !=3.1.*, !=3.2.*, !=3.3.*"
files = [
    {file = "psutil-5.9.5-cp27-cp27m-macosx_10_9_x86_64.whl", hash = "sha256:be8929ce4313f9f8146caad4272f6abb8bf99fc6cf59344a3167ecd74f4f203f"},
    {file = "psutil-5.9.5-cp27-cp27m-manylinux2010_i686.whl", hash = "sha256:ab8ed1a1d77c95453db1ae00a3f9c50227ebd955437bcf2a574ba8adbf6a74d5"},
    {file = "psutil-5.9.5-cp27-cp27m-manylinux2010_x86_64.whl", hash = "sha256:4aef137f3345082a3d3232187aeb4ac4ef959ba3d7c10c33dd73763fbc063da4"},
    {file = "psutil-5.9.5-cp27-cp27mu-manylinux2010_i686.whl", hash = "sha256:ea8518d152174e1249c4f2a1c89e3e6065941df2fa13a1ab45327716a23c2b48"},
    {file = "psutil-5.9.5-cp27-cp27mu-manylinux2010_x86_64.whl", hash = "sha256:acf2aef9391710afded549ff602b5887d7a2349831ae4c26be7c807c0a39fac4"},
    {file = "psutil-5.9.5-cp27-none-win32.whl", hash = "sha256:5b9b8cb93f507e8dbaf22af6a2fd0ccbe8244bf30b1baad6b3954e935157ae3f"},
    {file = "psutil-5.9.5-cp27-none-win_amd64.whl", hash = "sha256:8c5f7c5a052d1d567db4ddd231a9d27a74e8e4a9c3f44b1032762bd7b9fdcd42"},
    {file = "psutil-5.9.5-cp36-abi3-macosx_10_9_x86_64.whl", hash = "sha256:3c6f686f4225553615612f6d9bc21f1c0e305f75d7d8454f9b46e901778e7217"},
    {file = "psutil-5.9.5-cp36-abi3-manylinux_2_12_i686.manylinux2010_i686.manylinux_2_17_i686.manylinux2014_i686.whl", hash = "sha256:7a7dd9997128a0d928ed4fb2c2d57e5102bb6089027939f3b722f3a210f9a8da"},
    {file = "psutil-5.9.5-cp36-abi3-manylinux_2_12_x86_64.manylinux2010_x86_64.manylinux_2_17_x86_64.manylinux2014_x86_64.whl", hash = "sha256:89518112647f1276b03ca97b65cc7f64ca587b1eb0278383017c2a0dcc26cbe4"},
    {file = "psutil-5.9.5-cp36-abi3-win32.whl", hash = "sha256:104a5cc0e31baa2bcf67900be36acde157756b9c44017b86b2c049f11957887d"},
    {file = "psutil-5.9.5-cp36-abi3-win_amd64.whl", hash = "sha256:b258c0c1c9d145a1d5ceffab1134441c4c5113b2417fafff7315a917a026c3c9"},
    {file = "psutil-5.9.5-cp38-abi3-macosx_11_0_arm64.whl", hash = "sha256:c607bb3b57dc779d55e1554846352b4e358c10fff3abf3514a7a6601beebdb30"},
    {file = "psutil-5.9.5.tar.gz", hash = "sha256:5410638e4df39c54d957fc51ce03048acd8e6d60abc0f5107af51e5fb566eb3c"},
]

[package.extras]
test = ["enum34", "ipaddress", "mock", "pywin32", "wmi"]

[[package]]
name = "pymemuc"
version = "0.4.2"
description = "A Memuc.exe wrapper for Python"
category = "main"
optional = false
python-versions = ">=3.9,<4.0"
files = [
    {file = "pymemuc-0.4.2-py3-none-any.whl", hash = "sha256:e009a962c021f0dce5ea82fb035f68a1894020e2bec4b59bf1c00437244ae07d"},
    {file = "pymemuc-0.4.2.tar.gz", hash = "sha256:0770ef73024a35aedc8b5e9d11a2390b72ae48c82ef18aa10676bef30f1e80e9"},
]

[[package]]
name = "pysimplegui"
version = "4.60.5"
description = "Python GUIs for Humans. Launched in 2018. It's 2022 & PySimpleGUI is an ACTIVE & supported project. Super-simple to create custom GUI's. 325+ Demo programs & Cookbook for rapid start. Extensive documentation. Main docs at www.PySimpleGUI.org. Fun & your success are the focus. Examples using Machine Learning (GUI, OpenCV Integration), Rainmeter Style Desktop Widgets, Matplotlib + Pyplot, PIL support, add GUI to command line scripts, PDF & Image Viewers. Great for beginners & advanced GUI programmers."
category = "main"
optional = false
python-versions = "*"
files = [
    {file = "PySimpleGUI-4.60.5-py3-none-any.whl", hash = "sha256:004f33311ee685a5287fad54f500f7290b40d7c806044e478b1384f85dedce64"},
    {file = "PySimpleGUI-4.60.5.tar.gz", hash = "sha256:31014d1cc5eef1373d7e93564ff2604662645cc774a939b1f01aa253e7f9d78b"},
]

[[package]]
name = "pywin32"
version = "306"
description = "Python for Window Extensions"
category = "main"
optional = false
python-versions = "*"
files = [
    {file = "pywin32-306-cp310-cp310-win32.whl", hash = "sha256:06d3420a5155ba65f0b72f2699b5bacf3109f36acbe8923765c22938a69dfc8d"},
    {file = "pywin32-306-cp310-cp310-win_amd64.whl", hash = "sha256:84f4471dbca1887ea3803d8848a1616429ac94a4a8d05f4bc9c5dcfd42ca99c8"},
    {file = "pywin32-306-cp311-cp311-win32.whl", hash = "sha256:e65028133d15b64d2ed8f06dd9fbc268352478d4f9289e69c190ecd6818b6407"},
    {file = "pywin32-306-cp311-cp311-win_amd64.whl", hash = "sha256:a7639f51c184c0272e93f244eb24dafca9b1855707d94c192d4a0b4c01e1100e"},
    {file = "pywin32-306-cp311-cp311-win_arm64.whl", hash = "sha256:70dba0c913d19f942a2db25217d9a1b726c278f483a919f1abfed79c9cf64d3a"},
    {file = "pywin32-306-cp312-cp312-win32.whl", hash = "sha256:383229d515657f4e3ed1343da8be101000562bf514591ff383ae940cad65458b"},
    {file = "pywin32-306-cp312-cp312-win_amd64.whl", hash = "sha256:37257794c1ad39ee9be652da0462dc2e394c8159dfd913a8a4e8eb6fd346da0e"},
    {file = "pywin32-306-cp312-cp312-win_arm64.whl", hash = "sha256:5821ec52f6d321aa59e2db7e0a35b997de60c201943557d108af9d4ae1ec7040"},
    {file = "pywin32-306-cp37-cp37m-win32.whl", hash = "sha256:1c73ea9a0d2283d889001998059f5eaaba3b6238f767c9cf2833b13e6a685f65"},
    {file = "pywin32-306-cp37-cp37m-win_amd64.whl", hash = "sha256:72c5f621542d7bdd4fdb716227be0dd3f8565c11b280be6315b06ace35487d36"},
    {file = "pywin32-306-cp38-cp38-win32.whl", hash = "sha256:e4c092e2589b5cf0d365849e73e02c391c1349958c5ac3e9d5ccb9a28e017b3a"},
    {file = "pywin32-306-cp38-cp38-win_amd64.whl", hash = "sha256:e8ac1ae3601bee6ca9f7cb4b5363bf1c0badb935ef243c4733ff9a393b1690c0"},
    {file = "pywin32-306-cp39-cp39-win32.whl", hash = "sha256:e25fd5b485b55ac9c057f67d94bc203f3f6595078d1fb3b458c9c28b7153a802"},
    {file = "pywin32-306-cp39-cp39-win_amd64.whl", hash = "sha256:39b61c15272833b5c329a2989999dcae836b1eed650252ab1b7bfbe1d59f30f4"},
]

[[package]]
name = "wmi"
version = "1.5.1"
description = "Windows Management Instrumentation"
category = "main"
optional = false
python-versions = "*"
files = [
    {file = "WMI-1.5.1-py2.py3-none-any.whl", hash = "sha256:1d6b085e5c445141c475476000b661f60fff1aaa19f76bf82b7abb92e0ff4942"},
    {file = "WMI-1.5.1.tar.gz", hash = "sha256:b6a6be5711b1b6c8d55bda7a8befd75c48c12b770b9d227d31c1737dbf0d40a6"},
]

[package.dependencies]
pywin32 = "*"

[package.extras]
all = ["pytest", "sphinx", "twine", "wheel"]
dev = ["pytest", "sphinx", "twine", "wheel"]
docs = ["sphinx"]
package = ["twine", "wheel"]
tests = ["pytest"]

[metadata]
lock-version = "2.0"
python-versions = "^3.11"
content-hash = "6100ab14e55356ea12bb888977554a5fb972348ad95743174c8230d6b5adcc04"
